
Microsoft Visual Studio Solution File, Format Version 12.00
# Visual Studio Version 17
VisualStudioVersion = 17.4.33122.133
MinimumVisualStudioVersion = 10.0.40219.1
Project("{F2A71F9B-5D33-465A-A702-920D77279786}") = "radi", "radi.fsproj", "{FBC01366-4619-4739-92BE-B7096A410D5D}"
EndProject
Global
	GlobalSection(SolutionConfigurationPlatforms) = preSolution
		Debug|Any CPU = Debug|Any CPU
		Release|Any CPU = Release|Any CPU
	EndGlobalSection
	GlobalSection(ProjectConfigurationPlatforms) = postSolution
		{FBC01366-4619-4739-92BE-B7096A410D5D}.Debug|Any CPU.ActiveCfg = Debug|Any CPU
		{FBC01366-4619-4739-92BE-B7096A410D5D}.Debug|Any CPU.Build.0 = Debug|Any CPU
		{FBC01366-4619-4739-92BE-B7096A410D5D}.Release|Any CPU.ActiveCfg = Release|Any CPU
		{FBC01366-4619-4739-92BE-B7096A410D5D}.Release|Any CPU.Build.0 = Release|Any CPU
	EndGlobalSection
	GlobalSection(SolutionProperties) = preSolution
		HideSolutionNode = FALSE
	EndGlobalSection
	GlobalSection(ExtensibilityGlobals) = postSolution
		SolutionGuid = {FF645EC3-F55C-4438-BDFE-2BB2F072928C}
	EndGlobalSection
EndGlobal
